{
  "name": "client",
  "version": "1.0.0",
  "lockfileVersion": 1,
  "requires": true,
  "dependencies": {
    "highlight.js": {
      "version": "11.7.0",
      "resolved": "https://registry.npmmirror.com/highlight.js/-/highlight.js-11.7.0.tgz",
      "integrity": "sha512-1rRqesRFhMO/PRF+G86evnyJkCgaZFOI+Z6kdj15TA18funfoqJXvgPCLSf0SWq3SRfg1j3HlDs8o4s3EGq1oQ=="
    },
    "marked": {
      "version": "4.2.4",
      "resolved": "https://registry.npmmirror.com/marked/-/marked-4.2.4.tgz",
      "integrity": "sha512-Wcc9ikX7Q5E4BYDPvh1C6QNSxrjC9tBgz+A/vAhp59KXUgachw++uMvMKiSW8oA85nopmPZcEvBoex/YLMsiyA=="
    },
    "mp-html": {
      "version": "2.4.0",
      "resolved": "https://registry.npmmirror.com/mp-html/-/mp-html-2.4.0.tgz",
      "integrity": "sha512-T8zcDoy+zR5VMQ9dnFK3bMAbibgVN8VitXNjuU9tuRPYSbo2qiGroYJSoAAF7XbFenMayKjeY8fkR0dxOD63sQ=="
    }
  }
}
