{
  "name": "gin-zone",
  "lockfileVersion": 2,
  "requires": true,
  "packages": {
    "": {
      "dependencies": {
        "mddir": "^1.1.1"
      }
    },
    "node_modules/mddir": {
      "version": "1.1.1",
      "resolved": "https://registry.npmjs.org/mddir/-/mddir-1.1.1.tgz",
      "integrity": "sha512-VkBEnXdqoCTC5TLzuA8ITGgb3278sl2HQ9xWCEBK4viZXiyl9IzFRXQ+41x16Z9ODzVabSeRsPWGaD+KbigG6Q==",
      "bin": {
        "mddir": "src/mddir.js"
      },
      "engines": {
        "node": ">=0.10.0"
      }
    }
  },
  "dependencies": {
    "mddir": {
      "version": "1.1.1",
      "resolved": "https://registry.npmjs.org/mddir/-/mddir-1.1.1.tgz",
      "integrity": "sha512-VkBEnXdqoCTC5TLzuA8ITGgb3278sl2HQ9xWCEBK4viZXiyl9IzFRXQ+41x16Z9ODzVabSeRsPWGaD+KbigG6Q=="
    }
  }
}
